{
  "version": "5",
  "specifiers": {
    "npm:@fastify/cookie@^11.1.2": "11.1.2",
    "npm:@fastify/csrf-protection@^8.0.1": "8.0.1",
    "npm:@fastify/helmet@^13.1.1": "13.1.1",
    "npm:@fastify/rate-limit@^11.2.0": "11.2.0",
    "npm:@fastify/session@^11.1.2": "11.1.2",
    "npm:@fastify/static@^10.1.3": "10.1.3",
    "npm:@node-rs/argon2@^2.2.0": "2.2.0",
    "npm:@vitejs/plugin-react@^6.1.1": "6.1.1_vite@8.2.2",
    "npm:fastify@^5.12.1": "5.12.1",
    "npm:nodemailer@^9.1.0": "9.1.0",
    "npm:pg@^8.23.0": "8.23.0",
    "npm:react-dom@^19.2.8": "19.2.8_react@19.2.8",
    "npm:react-router-dom@^7.18.3": "7.18.3_react@19.2.8_react-dom@19.2.8__react@19.2.8",
    "npm:react@^19.2.8": "19.2.8",
    "npm:vite@^8.2.2": "8.2.2"
  },
  "npm": {
    "@fastify/accept-negotiator@2.1.0": {
      "integrity": "sha512-F3EVbzWt+xcnVaOHmWyIlpuFtbxOln7HDZQsh09MtMmMm/CipMayNt8hnIL8VQi54u2ZociDbf+iluGYkf7B1A=="
    },
    "@fastify/ajv-compiler@4.0.6_ajv@8.20.0": {
      "integrity": "sha512-NtuzM0SfaMJbGlnjr9LWQUN5LzgSrbB8tf/wRZNas+4E1O/Nmzl53e7ruT61HDZyRCJGC6FxIogmNZO1c5ETBA==",
      "dependencies": [
        "ajv",
        "ajv-formats",
        "fast-uri@4.1.3"
      ]
    },
    "@fastify/cookie@11.1.2": {
      "integrity": "sha512-Dtrpk/YOGUsbRMvP/8ZqPpwnMRv0qSqodFdoQ2B589Obc7jw4s4Qla+cV72Bsm7WsZJnqlYFX/i7uSBq0xzg6g==",
      "dependencies": [
        "cookie@2.0.1",
        "fastify-plugin"
      ]
    },
    "@fastify/csrf-protection@8.0.1": {
      "integrity": "sha512-NMK+TKyuWCmRJPwSiAVTQwKoeDspWRhoBgYtumJJy0PBZxjgcUAn1eCO8r5N/z0pgDMcMfy5HjxowXpOxwTWyw==",
      "dependencies": [
        "@fastify/csrf",
        "@fastify/error",
        "fastify-plugin"
      ]
    },
    "@fastify/csrf@8.1.0": {
      "integrity": "sha512-vUNZy11syr4mYI+5AqWZOLyYZXPMCYNGHw0Ww8tlmPnwSNWyTYKadKX6XveD5vaiENclcGkvaSnUZZQDRzpOhw=="
    },
    "@fastify/error@4.2.0": {
      "integrity": "sha512-RSo3sVDXfHskiBZKBPRgnQTtIqpi/7zhJOEmAxCiBcM7d0uwdGdxLlsCaLzGs8v8NnxIRlfG0N51p5yFaOentQ=="
    },
    "@fastify/fast-json-stringify-compiler@5.1.0": {
      "integrity": "sha512-PxcYtKLbQ8Z+yApiqjK8FwxIwvEj38k2OiLc17u8dkJSlmfi2wHHPaSnaoqBPQqtvF8YVsDgDpP2snDCfFrpfw==",
      "dependencies": [
        "fast-json-stringify"
      ]
    },
    "@fastify/forwarded@3.0.2": {
      "integrity": "sha512-NE8HgKLgYejV9lDpqkEFaDKMLYelJBVfHekhB0UKvX0ghagXRJqg68feg8er1NPXxG4N9i6vPxzt8E+3wHfcmA=="
    },
    "@fastify/helmet@13.1.1": {
      "integrity": "sha512-bSat5DTq8geASv8G6P0KW1UbltZ+xGD/zyd9S72pT7ogAHehcsWL85GdjMRCjDsExJvaEvgEZ52qU/2HXirVCw==",
      "dependencies": [
        "fastify-plugin",
        "helmet"
      ]
    },
    "@fastify/merge-json-schemas@0.2.1": {
      "integrity": "sha512-OA3KGBCy6KtIvLf8DINC5880o5iBlDX4SxzLQS8HorJAbqluzLRn80UXU0bxZn7UOFhFgpRJDasfwn9nG4FG4A==",
      "dependencies": [
        "dequal"
      ]
    },
    "@fastify/proxy-addr@5.1.0": {
      "integrity": "sha512-INS+6gh91cLUjB+PVHfu1UqcB76Sqtpyp7bnL+FYojhjygvOPA9ctiD/JDKsyD9Xgu4hUhCSJBPig/w7duNajw==",
      "dependencies": [
        "@fastify/forwarded",
        "ipaddr.js"
      ]
    },
    "@fastify/rate-limit@11.2.0": {
      "integrity": "sha512-X7osJd4XSvMoejYrnJkSZYYjY1eNYoBqhjlzf1RakC2204qExFqZFTKj5+T7VuzA/iUI9Z3UoSqQRkB2HpG0oQ==",
      "dependencies": [
        "@lukeed/ms",
        "fastify-plugin",
        "ip-address",
        "toad-cache"
      ]
    },
    "@fastify/send@4.1.1": {
      "integrity": "sha512-BYo+EiaKwlxH+WetGk6hAs1d39iP0y1gqB8lGF/qwkJ9ZZ/cBY1vx5NvExb9Sc3yRMFjD5X4Eyh4e4+TzRkzdw==",
      "dependencies": [
        "@lukeed/ms",
        "escape-html",
        "fast-decode-uri-component",
        "http-errors",
        "mime"
      ]
    },
    "@fastify/session@11.1.2": {
      "integrity": "sha512-Hh2MjeVSQIqHumfigTtVPbyUUscPWlkUM3Xf7nII9bS82HYdCl3phMXF1pEHwNlQZRpKD4MWa3/t0TjGrJT6sw==",
      "dependencies": [
        "fastify-plugin",
        "safe-stable-stringify"
      ]
    },
    "@fastify/static@10.1.3": {
      "integrity": "sha512-W6jqajYS974XjPjB5hQWoxPM8NKM4+p8YmQT6G5IbCa4uhdWSVadZUv75siy1wEA/3ty8RYdpBydfWeu9AqAqQ==",
      "dependencies": [
        "@fastify/accept-negotiator",
        "@fastify/error",
        "@fastify/send",
        "content-disposition",
        "fastify-plugin",
        "fastq",
        "glob"
      ]
    },
    "@lukeed/ms@2.0.2": {
      "integrity": "sha512-9I2Zn6+NJLfaGoz9jN3lpwDgAYvfGeNYdbAIjJOqzs4Tpc+VU3Jqq4IofSUBKajiDS8k9fZIg18/z13mpk1bsA=="
    },
    "@node-rs/argon2-android-arm-eabi@2.2.0": {
      "integrity": "sha512-xbJvpiTlYqKxq5XRkhQlZNiIRE4fZPFJdB46jOPED8pGkxgn1erMMdVCPWp1RcOxuChaiEOl8DVu5sVVu9ApVw==",
      "os": ["android"],
      "cpu": ["arm"]
    },
    "@node-rs/argon2-android-arm64@2.2.0": {
      "integrity": "sha512-i47xYwh8GNKc0yNwFQz7Hqsx6pBZJsJ1hqRXmtThOXbjl6HoVlX7oGBpqq4s+sBrU8ba0kubAqJ8fBjtp4iwHQ==",
      "os": ["android"],
      "cpu": ["arm64"]
    },
    "@node-rs/argon2-darwin-arm64@2.2.0": {
      "integrity": "sha512-Zet1ekAQPUczRQ6cmFCpQyScg9346SnzYt7CRWPd4GCs8CBOOK34PrtbazdReHcBxUgSDnhMhDWnO0jmtJ15sQ==",
      "os": ["darwin"],
      "cpu": ["arm64"]
    },
    "@node-rs/argon2-darwin-x64@2.2.0": {
      "integrity": "sha512-JeOpmf5glG9MTS+qt6VZ3tUUZdQ3Kll/e18yUeBmDRSKQDN0AJs5ruzqV08DOclVUqXG0IF2DVhbE825RN96yA==",
      "os": ["darwin"],
      "cpu": ["x64"]
    },
    "@node-rs/argon2-freebsd-x64@2.2.0": {
      "integrity": "sha512-w7R4yoAcOlZctOz7EHhf2hFHSuRyJcphMZAcyKRJ3Sxu8APjqifLepOkuXC1Gat08DYFTI51RMPj7sMU36KcGA==",
      "os": ["freebsd"],
      "cpu": ["x64"]
    },
    "@node-rs/argon2-linux-arm-gnueabihf@2.2.0": {
      "integrity": "sha512-H5uGMLmj2vor3YDAX+LIyw4yGXEESXvr5voyRK+AuxdIvZ/B7mxma06IOmb+4n9t/MQ1Lbwu7gkyWt8f3wyrNA==",
      "os": ["linux"],
      "cpu": ["arm"]
    },
    "@node-rs/argon2-linux-arm64-gnu@2.2.0": {
      "integrity": "sha512-P0A+tUMI7NwImaK7txceScl7d18GAw4hkt27NChZIZdD55w7qZ81LFcA4cEP9L6kgdubItlAqcD/qBR5XMCd5Q==",
      "os": ["linux"],
      "cpu": ["arm64"]
    },
    "@node-rs/argon2-linux-arm64-musl@2.2.0": {
      "integrity": "sha512-i5s9msRRy+m/yul9M+1OF7fN/VqhJ+4IalPn1rhyrE3gwNcgfoT+A0DuAqR5gtXmDb3zx+QWIjtHCLhvkvu23g==",
      "os": ["linux"],
      "cpu": ["arm64"]
    },
    "@node-rs/argon2-linux-x64-gnu@2.2.0": {
      "integrity": "sha512-R6oaRA2Iesbsexe06Aeydbdz617WD2lE6yDcb4t5T+0iGM1VyVpI+nNpcAtkcXyO6Dgmuhh+3RKbm/F2CSBt1w==",
      "os": ["linux"],
      "cpu": ["x64"]
    },
    "@node-rs/argon2-linux-x64-musl@2.2.0": {
      "integrity": "sha512-Paql63t7XusSTYMSfEQ0ex5edubWX/OhvLRYsC+oQxWiC+3x2WcYWp+fWVwdlAm+eJRsIOj6w3iG3yDy94ZL8A==",
      "os": ["linux"],
      "cpu": ["x64"]
    },
    "@node-rs/argon2-win32-arm64-msvc@2.2.0": {
      "integrity": "sha512-ysl+KaEeYVBKY3/J4w3VKD7KVHATpsJ/TMtxjmVyX8KEhwemH2qmlyZcVQb5fPy+Yk18g7cHu7LYuDffROo8pw==",
      "os": ["win32"],
      "cpu": ["arm64"]
    },
    "@node-rs/argon2-win32-ia32-msvc@2.2.0": {
      "integrity": "sha512-2Hp0RtOgM8jxcTsrtYlIkfk0PQXFnENyqvEuFTNCHMFSWhV8D/Ds2OrWSmjWTGQhLNWNp2JrX4XKsZM0+PB3NA==",
      "os": ["win32"],
      "cpu": ["ia32"]
    },
    "@node-rs/argon2-win32-x64-msvc@2.2.0": {
      "integrity": "sha512-cfcNjVqLpgOU/9l2mLOFduuXTxvGH5qoV38AhcOz9oQaC7GDmsFbAgcuizVNuOtpSyQr5HoQez3f2X2jYgGMsg==",
      "os": ["win32"],
      "cpu": ["x64"]
    },
    "@node-rs/argon2@2.2.0": {
      "integrity": "sha512-iBItNNiiim2nzhmUY4uxA4nYaNBatj8Ae/YnlwQzRYRFiBysm2scfsyjO+ktH+7VHl1O24UwFd2EeihV4IJzxw==",
      "optionalDependencies": [
        "@node-rs/argon2-android-arm-eabi",
        "@node-rs/argon2-android-arm64",
        "@node-rs/argon2-darwin-arm64",
        "@node-rs/argon2-darwin-x64",
        "@node-rs/argon2-freebsd-x64",
        "@node-rs/argon2-linux-arm-gnueabihf",
        "@node-rs/argon2-linux-arm64-gnu",
        "@node-rs/argon2-linux-arm64-musl",
        "@node-rs/argon2-linux-x64-gnu",
        "@node-rs/argon2-linux-x64-musl",
        "@node-rs/argon2-win32-arm64-msvc",
        "@node-rs/argon2-win32-ia32-msvc",
        "@node-rs/argon2-win32-x64-msvc"
      ]
    },
    "@oxc-project/types@0.147.0": {
      "integrity": "sha512-IJ3s6ltHLp45S0bh7phkX+gJO7A1Wuz2EaqpAhb8WjqDwbzMiWKHhyyT42tskaWjEYXtHtVCPpnBJVT9+dcRLg=="
    },
    "@pinojs/redact@0.4.0": {
      "integrity": "sha512-k2ENnmBugE/rzQfEcdWHcCY+/FM3VLzH9cYEsbdsoqrvzAKRhUZeRNhAZvB8OitQJ1TBed3yqWtdjzS6wJKBwg=="
    },
    "@rolldown/binding-android-arm-eabi@1.2.6": {
      "integrity": "sha512-b+jTcARdTiFLI6jB4a5XjTm0RWd6KcRfQj/I2356fxUZemiho9zQLxo0RtCuMDAyKcLo6cEltkgbQp6d1+sjjQ==",
      "os": ["android"],
      "cpu": ["arm"]
    },
    "@rolldown/binding-android-arm64@1.2.6": {
      "integrity": "sha512-lkWU8ZJaRk9q3CIEY1Tc7vIFALp3Xw5NfGJo2hQg5oIqNgxWi1zI+IiDEK3r70BF5Dzol1tcXsnzsRc8NLhG+Q==",
      "os": ["android"],
      "cpu": ["arm64"]
    },
    "@rolldown/binding-darwin-arm64@1.2.6": {
      "integrity": "sha512-dgR56NYnvAszm7Ob1B2/Vn0e8bUQYZH2UjVaMMtMVOCKFSfjhfLmuA/9+O+F+ajUdG6B/bSssrKW6JJYASa8jA==",
      "os": ["darwin"],
      "cpu": ["arm64"]
    },
    "@rolldown/binding-darwin-x64@1.2.6": {
      "integrity": "sha512-vpVxFvUCFioJqug7OTvqptkc4yb8UX0AwfDmJpaR/0sWz+BUmqSVAf7c8JkUgnN8YLspb4a/N6NhTyMAmdyQ7Q==",
      "os": ["darwin"],
      "cpu": ["x64"]
    },
    "@rolldown/binding-freebsd-x64@1.2.6": {
      "integrity": "sha512-h1wG6Y6K3JlRswxsI64qQJqBAy4vrLuHgRbc8CZMGSWTOFRY6ghMApM1NKzB2I0n5xV1fjkE18SuVl2QpLeNpA==",
      "os": ["freebsd"],
      "cpu": ["x64"]
    },
    "@rolldown/binding-linux-arm-gnueabihf@1.2.6": {
      "integrity": "sha512-tbCiqub0q2MVWJKgF5PoAlNWCtQydiOYSLIkd8sByqK/6MMYLJRcSXSYodqYtd0O+Fw7QaVmKKlS4oL94YRZ0w==",
      "os": ["linux"],
      "cpu": ["arm"]
    },
    "@rolldown/binding-linux-arm64-gnu@1.2.6": {
      "integrity": "sha512-oxK9+baEBPhZG5HB4URY+uU04zJWeZlH6Tb9rB5DK4DF9XR1uXNLXt5Q5ZsugTKayNCNLhkcwz/ye74hRI98dg==",
      "os": ["linux"],
      "cpu": ["arm64"]
    },
    "@rolldown/binding-linux-arm64-musl@1.2.6": {
      "integrity": "sha512-muWCk27FVBEZtv0MsK8gnfSmgczA8KQ0uRVJbTABKhkRfQc38aUrcb7fhi3BNiyseFmgcRsoMfQsSNJ+DbZdSw==",
      "os": ["linux"],
      "cpu": ["arm64"]
    },
    "@rolldown/binding-linux-ppc64-gnu@1.2.6": {
      "integrity": "sha512-eWDoSfU7Co2qj3vgB3Dt4lj1mG6CoWbcJQkRMP3XJplyCMtuaq3LHvPFjS9QIPvMGWVadJC04Xiy0IdcVPtnwQ==",
      "os": ["linux"],
      "cpu": ["ppc64"]
    },
    "@rolldown/binding-linux-s390x-gnu@1.2.6": {
      "integrity": "sha512-2bWNjRSIayvupRKxXUY2tWG9fYdoUlTqWywHRvE8Eq3GvuQ+f2HeIkve697fIt+IQs/PV8yFsdWuhp1aJ1PdnA==",
      "os": ["linux"],
      "cpu": ["s390x"]
    },
    "@rolldown/binding-linux-x64-gnu@1.2.6": {
      "integrity": "sha512-KekI0gS0wLxe1UBSQSjenBVwou/JkcQPDzBPICGZjxUv9k3RteHDPBQaiOicZUFKRIH2wKEimGwVpnJsbPzu7w==",
      "os": ["linux"],
      "cpu": ["x64"]
    },
    "@rolldown/binding-linux-x64-musl@1.2.6": {
      "integrity": "sha512-TvtPnfVr+HtyGiDmPK4VWmlNm7QhNNAcK5Q9A7aOXsI8545yCyaoMaicXrFZ72JzeYjaUVk7yT243zT0jzjFKQ==",
      "os": ["linux"],
      "cpu": ["x64"]
    },
    "@rolldown/binding-openharmony-arm64@1.2.6": {
      "integrity": "sha512-iOo0VEay2XFhaCcH0sps5XIimkSuOnNaZrf6+ZkoSOQBJPKNU48RkmJv0/lSpipexu5P+ouFgafe5IGr/DiQfg==",
      "os": ["openharmony"],
      "cpu": ["arm64"]
    },
    "@rolldown/binding-win32-arm64-msvc@1.2.6": {
      "integrity": "sha512-y5NTmmasMS455JlOCO4ZM9krIchv3Mvm1crL1iUPGOPgEzSkves9n0SdC5Sjz6+qWDFhd8/JpfWMH8NSWNHe+A==",
      "os": ["win32"],
      "cpu": ["arm64"]
    },
    "@rolldown/binding-win32-x64-msvc@1.2.6": {
      "integrity": "sha512-np8iZSLfXlAD4kWhiyq/u0Yt8oZDtRQ8lGhQaCXo2rl37KNjeU0GjJuwr4P3oeZ++ROfofsKNBqR5LTO8aXyWQ==",
      "os": ["win32"],
      "cpu": ["x64"]
    },
    "@rolldown/pluginutils@1.0.1": {
      "integrity": "sha512-2j9bGt5Jh8hj+vPtgzPtl72j0yRxHAyumoo6TNfAjsLB04UtpSvPbPcDcBMxz7n+9CYB0c1GxQFxYRg2jimqGw=="
    },
    "@vitejs/plugin-react@6.1.1_vite@8.2.2": {
      "integrity": "sha512-yxLaQV9gkhS8ezJqCM6+ndU7mDY6gqAg75NQ+0IjwEI8IYOmQCgkRwHKVSfWXW076DsqMo0Dk+0FK1U+M5RgFw==",
      "dependencies": [
        "@rolldown/pluginutils",
        "vite"
      ]
    },
    "abstract-logging@2.0.1": {
      "integrity": "sha512-2BjRTZxTPvheOvGbBslFSYOUkr+SjPtOnrLP33f+VIWLzezQpZcqVg7ja3L4dBXmzzgwT+a029jRx5PCi3JuiA=="
    },
    "ajv-formats@3.0.1_ajv@8.20.0": {
      "integrity": "sha512-8iUql50EUR+uUcdRQ3HDqa6EVyo3docL8g5WJ3FNcWmu62IbkGUue/pEyLBW8VGKKucTPgqeks4fIU1DA4yowQ==",
      "dependencies": [
        "ajv"
      ],
      "optionalPeers": [
        "ajv"
      ]
    },
    "ajv@8.20.0": {
      "integrity": "sha512-Thbli+OlOj+iMPYFBVBfJ3OmCAnaSyNn4M1vz9T6Gka5Jt9ba/HIR56joy65tY6kx/FCF5VXNB819Y7/GUrBGA==",
      "dependencies": [
        "fast-deep-equal",
        "fast-uri@3.1.6",
        "json-schema-traverse",
        "require-from-string"
      ]
    },
    "atomic-sleep@1.0.0": {
      "integrity": "sha512-kNOjDqAh7px0XWNI+4QbzoiR/nTkHAWNud2uvnJquD1/x5a7EQZMJT0AczqK0Qn67oY/TTQ1LbUKajZpp3I9tQ=="
    },
    "avvio@9.3.0": {
      "integrity": "sha512-g2tQ7LE7oOSqDfwEm3M+ZCMTJc7KiZCdJ4UwyZJb5ckTKyYu50OYmvv0mCFXPuYXoM4zkSt8zM9XQ9KCvxA74A==",
      "dependencies": [
        "@fastify/error",
        "fastq"
      ]
    },
    "balanced-match@4.0.4": {
      "integrity": "sha512-BLrgEcRTwX2o6gGxGOCNyMvGSp35YofuYzw9h1IMTRmKqttAZZVU67bdb9Pr2vUHA8+j3i2tJfjO6C6+4myGTA=="
    },
    "brace-expansion@5.0.9": {
      "integrity": "sha512-ScQ4IuvIEF1TMlP7Zt+vjJ//9zlPb2SDcxWxM3bk8s6t6GGdJ7KO1dCcTidOPJKePW30LE/2cT7wCyPho9/Wxg==",
      "dependencies": [
        "balanced-match"
      ]
    },
    "content-disposition@2.0.1": {
      "integrity": "sha512-e+H0ZXHSWYrENhQzw1LPuP4oF5MzVKmDU6d3hxlvaPEYLLg62MxtQNPRx4SYSuYJSBUgnQIG4HIN2tEtNv7Dog=="
    },
    "cookie@1.1.1": {
      "integrity": "sha512-ei8Aos7ja0weRpFzJnEA9UHJ/7XQmqglbRwnf2ATjcB9Wq874VKH9kfjjirM6UhU2/E5fFYadylyhFldcqSidQ=="
    },
    "cookie@2.0.1": {
      "integrity": "sha512-yuToqVvRrj6pfDXREyQAAv8SkAEk/8GS3jQRTiUMm66TVtBYmqQeoEjL2Lmq8Rpo6271vH76InTChTitEAm65w=="
    },
    "depd@2.0.0": {
      "integrity": "sha512-g7nH6P6dyDioJogAAGprGpCtVImJhpPk/roCzdb3fIh61/s/nPsfR6onyMwkCAR/OlC3yBC0lESvUoQEAssIrw=="
    },
    "dequal@2.0.3": {
      "integrity": "sha512-0je+qPKHEMohvfRTCEo3CrPG6cAzAYgmzKyxRiYSSDkS6eGJdyVJm7WaYA5ECaAD9wLB2T4EEeymA5aFVcYXCA=="
    },
    "detect-libc@2.1.2": {
      "integrity": "sha512-Btj2BOOO83o3WyH59e8MgXsxEQVcarkUOpEYrubB0urwnN10yQ364rsiByU11nZlqWYZm05i/of7io4mzihBtQ=="
    },
    "escape-html@1.0.3": {
      "integrity": "sha512-NiSupZ4OeuGwr68lGIeym/ksIZMJodUGOSCZ/FSnTxcrekbvqrgdUxlJOMpijaKZVjAJrWrGs/6Jy8OMuyj9ow=="
    },
    "fast-decode-uri-component@1.0.1": {
      "integrity": "sha512-WKgKWg5eUxvRZGwW8FvfbaH7AXSh2cL+3j5fMGzUMCxWBJ3dV3a7Wz8y2f/uQ0e3B6WmodD3oS54jTQ9HVTIIg=="
    },
    "fast-deep-equal@3.1.3": {
      "integrity": "sha512-f3qQ9oQy9j2AhBe/H9VC91wLmKBCCU/gDOnKNAYG5hswO7BLKj09Hc5HYNz9cGI++xlpDCIgDaitVs03ATR84Q=="
    },
    "fast-json-stringify@7.0.1_ajv@8.20.0": {
      "integrity": "sha512-eRSayARSbbwlBjpP4vnTTIRD5QPcIrmihPxDeN1DtKnHPg66UuJLx+8hlK1kaFdjvzyQ/dzALoi4vwAQ+T+iZA==",
      "dependencies": [
        "@fastify/merge-json-schemas",
        "ajv",
        "ajv-formats",
        "fast-uri@4.1.3",
        "json-schema-ref-resolver",
        "rfdc"
      ]
    },
    "fast-querystring@1.1.2": {
      "integrity": "sha512-g6KuKWmFXc0fID8WWH0jit4g0AGBoJhCkJMb1RmbsSEUNvQ+ZC8D6CUZ+GtF8nMzSPXnhiePyyqqipzNNEnHjg==",
      "dependencies": [
        "fast-decode-uri-component"
      ]
    },
    "fast-uri@3.1.6": {
      "integrity": "sha512-7Ical1vFEMr0onbVzEDIreM22I4khW+fzyQPwvAFWBp1iwdshSZRsL4jjRvPG9JP1uiqMHRto+YU6R2/CzDz5Q=="
    },
    "fast-uri@4.1.3": {
      "integrity": "sha512-7+72G6vLt7jjNas8SmSATx2qeyRIjxeqO3i4IkmDTxlqYZRKANhOe1bnovcp4WZmvsYrp60WyqPyHqgRiX0yXw=="
    },
    "fastify-plugin@6.0.0": {
      "integrity": "sha512-fZOty7z3O7vOliF6d8bHE3wiEh1KcNnKEQensSgTk9C1DvN6nRLS++XVd86v33Hw/8u9Un8A1zDrQ8ujcQDHEg=="
    },
    "fastify@5.12.1": {
      "integrity": "sha512-FWi+tQvwxR/PeRX7Z2mhfEF5ozJ3jn9asiiclzKXNSzJRHAYcU924aIOKAdHFJ+YIKieh3cqr1IwCOvTr41B3Q==",
      "dependencies": [
        "@fastify/ajv-compiler",
        "@fastify/error",
        "@fastify/fast-json-stringify-compiler",
        "@fastify/proxy-addr",
        "abstract-logging",
        "avvio",
        "fast-json-stringify",
        "find-my-way",
        "light-my-request",
        "pino",
        "process-warning@5.1.0",
        "rfdc",
        "secure-json-parse",
        "semver",
        "toad-cache"
      ]
    },
    "fastq@1.20.3": {
      "integrity": "sha512-XKv5nnLs6nLF71NgiKJLIZFLkPyIEuOselLG7ujZnGrRfQK8HpvY+WqKhAJUAdLomwVHErVS4LfxFlPq0/FTAw==",
      "dependencies": [
        "reusify"
      ]
    },
    "fdir@6.5.0_picomatch@4.0.7": {
      "integrity": "sha512-tIbYtZbucOs0BRGqPJkshJUYdL+SDH7dVM8gjy+ERp3WAUjLEFJE+02kanyHtwjWOnwrKYBiwAmM0p4kLJAnXg==",
      "dependencies": [
        "picomatch"
      ],
      "optionalPeers": [
        "picomatch"
      ]
    },
    "find-my-way@9.9.0": {
      "integrity": "sha512-sJsgZ1sQH2UDuowPuMKg8az7Qc8F0jnj+SKkFWU/+T0xcFlgV5skgXOGUqmQzOdmW6ALA7AhJINWx3qFBkbLHA==",
      "dependencies": [
        "fast-deep-equal",
        "fast-querystring",
        "safe-regex2"
      ]
    },
    "fsevents@2.3.3": {
      "integrity": "sha512-5xoDfX+fL7faATnagmWPpbFtwh/R77WmMMqqHGS65C3vvB0YHrgF+B1YmZ3441tMj5n63k0212XNoJwzlhffQw==",
      "os": ["darwin"],
      "scripts": true
    },
    "glob@13.0.6": {
      "integrity": "sha512-Wjlyrolmm8uDpm/ogGyXZXb1Z+Ca2B8NbJwqBVg0axK9GbBeoS7yGV6vjXnYdGm6X53iehEuxxbyiKp8QmN4Vw==",
      "dependencies": [
        "minimatch",
        "minipass",
        "path-scurry"
      ]
    },
    "helmet@8.3.0": {
      "integrity": "sha512-Qgpiaws3Sm30Av8Eah6sjMCZZwjlBu+E68rhpCWBshY1lb09HtLwj5GviX0OyQIn+ulUS0iX0AxN5n3tLZzz1w=="
    },
    "http-errors@2.0.1": {
      "integrity": "sha512-4FbRdAX+bSdmo4AUFuS0WNiPz8NgFt+r8ThgNWmlrjQjt1Q7ZR9+zTlce2859x4KSXrwIsaeTqDoKQmtP8pLmQ==",
      "dependencies": [
        "depd",
        "inherits",
        "setprototypeof",
        "statuses",
        "toidentifier"
      ]
    },
    "inherits@2.0.4": {
      "integrity": "sha512-k/vGaX4/Yla3WzyMCvTQOXYeIHvqOKtnqBduzTHpzpQZzAskKMhZ2K+EnBiSM9zGSoIFeMpXKxa4dYeZIQqewQ=="
    },
    "ip-address@10.7.0": {
      "integrity": "sha512-BGFsyJd5mpXp3rK6jIdADLNgpJUK1jnjzvYF8lK+VyDab9JAmqN0YOKDdP17HlgKb2+ehPgDc8EtnRLbGCAMhA=="
    },
    "ipaddr.js@2.5.0": {
      "integrity": "sha512-aq+t5NAc+cS6rZQQVWC2x98CPqGtKKTMDd4Gaodv0wShnItdKg/51djkGJ1hqH+Oy0ivDftCbSLCQob8zso01w=="
    },
    "json-schema-ref-resolver@3.0.0": {
      "integrity": "sha512-hOrZIVL5jyYFjzk7+y7n5JDzGlU8rfWDuYyHwGa2WA8/pcmMHezp2xsVwxrebD/Q9t8Nc5DboieySDpCp4WG4A==",
      "dependencies": [
        "dequal"
      ]
    },
    "json-schema-traverse@1.0.0": {
      "integrity": "sha512-NM8/P9n3XjXhIZn1lLhkFaACTOURQXjWhV4BA/RnOv8xvgqtqpAX9IO4mRQxSx1Rlo4tqzeqb0sOlruaOy3dug=="
    },
    "light-my-request@6.6.0": {
      "integrity": "sha512-CHYbu8RtboSIoVsHZ6Ye4cj4Aw/yg2oAFimlF7mNvfDV192LR7nDiKtSIfCuLT7KokPSTn/9kfVLm5OGN0A28A==",
      "dependencies": [
        "cookie@1.1.1",
        "process-warning@4.0.1",
        "set-cookie-parser"
      ]
    },
    "lightningcss-android-arm64@1.33.0": {
      "integrity": "sha512-gEpRTalKdosp4Bb8qWtc2iOgE5SeIHlpS1up9bFq2wAyYhl1UdTObYiHe98zEM9SQvSoqQZ1IQD0JNpg3Ml5pg==",
      "os": ["android"],
      "cpu": ["arm64"]
    },
    "lightningcss-darwin-arm64@1.33.0": {
      "integrity": "sha512-Sciaz8eenNTKn9b3t7+xr0ipTp9YxKQY4npwQ3mrRuL0BAVHBLyZxofhaKBAVtzmtRZ/zTyo0/to4B1uWG/Djg==",
      "os": ["darwin"],
      "cpu": ["arm64"]
    },
    "lightningcss-darwin-x64@1.33.0": {
      "integrity": "sha512-Z5UPAxzrjlWNNyGy6i65cJzzvgJ5D3T6wMvs+gWpY9d7qRhANrxqAp6LhxIgZhWEw18RfJTGcRxjuLIBr+m8XQ==",
      "os": ["darwin"],
      "cpu": ["x64"]
    },
    "lightningcss-freebsd-x64@1.33.0": {
      "integrity": "sha512-QQM/Ti/hQajJwCY+RiWuCZ9sdtI/XQk7nDK5vC8kkdwixezOlDgvDx7+RT+QjK6FcFT4MpsuoBnHIo/O3StRRg==",
      "os": ["freebsd"],
      "cpu": ["x64"]
    },
    "lightningcss-linux-arm-gnueabihf@1.33.0": {
      "integrity": "sha512-N7FVBe6iS24MlM6R/4RBTxGhQheZGs7tiQ9U32UtF75NzP5Q7xWPRqLBCKxlRQRk3rY1jCIPLzx7WzOhuUIRLQ==",
      "os": ["linux"],
      "cpu": ["arm"]
    },
    "lightningcss-linux-arm64-gnu@1.33.0": {
      "integrity": "sha512-j2v/itmy4HlNxlc6voKXYgBqNi0Ng2LShg4z7GufpEgs05P+2suBVyi9I6YHq5uoVFx9ETin3eCEhLVyXGQnKg==",
      "os": ["linux"],
      "cpu": ["arm64"]
    },
    "lightningcss-linux-arm64-musl@1.33.0": {
      "integrity": "sha512-yiO5ROMuYQgXbC60yjZU5CYSFZGKXL0HFATXt9mHJn1+zW55oCtMI9NfcVhYLMFDL7gV7oBPon/EmMMGg2OvtQ==",
      "os": ["linux"],
      "cpu": ["arm64"]
    },
    "lightningcss-linux-x64-gnu@1.33.0": {
      "integrity": "sha512-ar+Ju7LmcN0Jo4FpL4hpFybwNG9/3A/Br5KW2n2jyODg3MEZXaDYADdemoNS+BDNfMgKvylJLj4S5tyRActuAg==",
      "os": ["linux"],
      "cpu": ["x64"]
    },
    "lightningcss-linux-x64-musl@1.33.0": {
      "integrity": "sha512-RYiYbkokw0trfKqqzfF55lginwEPrD3OJDfTuJzFs1MK6iFnDenaz1fqLLtX4ITG3OktJQXOeTaw1awrBAlZPw==",
      "os": ["linux"],
      "cpu": ["x64"]
    },
    "lightningcss-win32-arm64-msvc@1.33.0": {
      "integrity": "sha512-1K+MPfLSFVpphzpdbfkhlWk6wBrTObBzS2T6db10PNOZgR9GoVsAWzwNyuhUYYbTp23j+4RrncfujZ4uAzXvwA==",
      "os": ["win32"],
      "cpu": ["arm64"]
    },
    "lightningcss-win32-x64-msvc@1.33.0": {
      "integrity": "sha512-OlEICDx/Xl0FqSp4bry8zFnCvGpig3Gl4gCquvYwHuqJKEC1+n9NgDniFvqHGmMv1ZkqDJrDqKKSykTDX+ehuA==",
      "os": ["win32"],
      "cpu": ["x64"]
    },
    "lightningcss@1.33.0": {
      "integrity": "sha512-WkUDrojuJs0xkgGf2udWxa3yGBRxPtxUkB79i6aCZLRgc7PM8fZe9TosfPDcvEpQZbuFASnHYmRLBLUbmLOIIA==",
      "dependencies": [
        "detect-libc"
      ],
      "optionalDependencies": [
        "lightningcss-android-arm64",
        "lightningcss-darwin-arm64",
        "lightningcss-darwin-x64",
        "lightningcss-freebsd-x64",
        "lightningcss-linux-arm-gnueabihf",
        "lightningcss-linux-arm64-gnu",
        "lightningcss-linux-arm64-musl",
        "lightningcss-linux-x64-gnu",
        "lightningcss-linux-x64-musl",
        "lightningcss-win32-arm64-msvc",
        "lightningcss-win32-x64-msvc"
      ]
    },
    "lru-cache@11.5.2": {
      "integrity": "sha512-4pfM1Ff0x50o0tQwb5ucw/RzNyD0/YJME6IVcStalZuMWxdt3sR3huStTtxz4PUmvZfRguvDejasvQ2kifR11g=="
    },
    "mime@3.0.0": {
      "integrity": "sha512-jSCU7/VB1loIWBZe14aEYHU/+1UMEHoaO7qxCOVJOw9GgH72VAWppxNcjU+x9a2k3GSIBXNKxXQFqRvvZ7vr3A==",
      "bin": true
    },
    "minimatch@10.2.6": {
      "integrity": "sha512-vpLQEs+VLCr1nU0BXS07maYoFwlDAH0gngQuuttxIwutDFEMHq2blX+8vpgxDdK3J1PwjCJiep77OitTZ4Ll1A==",
      "dependencies": [
        "brace-expansion"
      ]
    },
    "minipass@7.1.3": {
      "integrity": "sha512-tEBHqDnIoM/1rXME1zgka9g6Q2lcoCkxHLuc7ODJ5BxbP5d4c2Z5cGgtXAku59200Cx7diuHTOYfSBD8n6mm8A=="
    },
    "nanoid@3.3.18": {
      "integrity": "sha512-DTg4MJbGMWkfi6VZFdNt2/caMbQy4Ou+Op/hJQvGEWcnVfoA1QA+xzRKAzw9jD6+GVOOeYr/mIcuDSdug6F6+w==",
      "bin": true
    },
    "nodemailer@9.1.0": {
      "integrity": "sha512-xj1Ri5Sau3qpPffHJwi2bY0oWVVWYq62Ph17l+2v1xXpxjqTls3YPc3L8dub9mcJpxj+1ucNnuYVqLlgh4pmDA=="
    },
    "on-exit-leak-free@2.1.2": {
      "integrity": "sha512-0eJJY6hXLGf1udHwfNftBqH+g73EU4B504nZeKpz1sYRKafAghwxEJunB2O7rDZkL4PGfsMVnTXZ2EjibbqcsA=="
    },
    "path-scurry@2.0.2": {
      "integrity": "sha512-3O/iVVsJAPsOnpwWIeD+d6z/7PmqApyQePUtCndjatj/9I5LylHvt5qluFaBT3I5h3r1ejfR056c+FCv+NnNXg==",
      "dependencies": [
        "lru-cache",
        "minipass"
      ]
    },
    "pg-cloudflare@1.4.0": {
      "integrity": "sha512-Vo7z/6rrQYxpNRylp4Tlob2elzbh+N/MOQbxFVWCxS7oEx6jF53GTJFxK2WWpKuBRkmiin4Mt+xofFDjx09R0A=="
    },
    "pg-connection-string@2.14.0": {
      "integrity": "sha512-XwWDGcLRGCXAR8F/AM5bG7Q+A3Wm2s6QeEjlOKZLlH3UYcguiqCWKyWXVag5TLTIjR7oOJUY8kcADaZgWPyLeg=="
    },
    "pg-int8@1.0.1": {
      "integrity": "sha512-WCtabS6t3c8SkpDBUlb1kjOs7l66xsGdKpIPZsg4wR+B3+u9UAum2odSsF9tnvxg80h4ZxLWMy4pRjOsFIqQpw=="
    },
    "pg-pool@3.14.0_pg@8.23.0": {
      "integrity": "sha512-gKtPkFdQPU3DksooVLi9LsjZxrsBUZIpa+7aVx+LV5pNh0KzP4Zleud2po+ConrxbuXGBJ6Hfer6hdgpIBpBaw==",
      "dependencies": [
        "pg"
      ]
    },
    "pg-protocol@1.16.0": {
      "integrity": "sha512-sILXutLVjCLjcDuOmvhX5e2Z4cS5qG/6Bu3VkpFwdf/633ElGLpEh9bgmuI5I4sqKqkifQiGyiCcx1HdtrK7tg=="
    },
    "pg-types@2.2.0": {
      "integrity": "sha512-qTAAlrEsl8s4OiEQY69wDvcMIdQN6wdz5ojQiOy6YRMuynxenON0O5oCpJI6lshc6scgAY8qvJ2On/p+CXY0GA==",
      "dependencies": [
        "pg-int8",
        "postgres-array",
        "postgres-bytea",
        "postgres-date",
        "postgres-interval"
      ]
    },
    "pg@8.23.0": {
      "integrity": "sha512-Ip2EQCngowJLGOfCwkFhPXU7/ljlhn6Rxlmy4XYfL2Y+vyRM59+8uR2xqRWKdYmbXmxCFOAmKxBuSUCdF34qLg==",
      "dependencies": [
        "pg-connection-string",
        "pg-pool",
        "pg-protocol",
        "pg-types",
        "pgpass"
      ],
      "optionalDependencies": [
        "pg-cloudflare"
      ]
    },
    "pgpass@1.0.5": {
      "integrity": "sha512-FdW9r/jQZhSeohs1Z3sI1yxFQNFvMcnmfuj4WBMUTxOrAyLMaTcE1aAMBiTlbMNaXvBCQuVi0R7hd8udDSP7ug==",
      "dependencies": [
        "split2"
      ]
    },
    "picocolors@1.1.1": {
      "integrity": "sha512-xceH2snhtb5M9liqDsmEw56le376mTZkEX/jEb/RxNFyegNul7eNslCXP9FDj/Lcu0X8KEyMceP2ntpaHrDEVA=="
    },
    "picomatch@4.0.7": {
      "integrity": "sha512-qcJu88Q2IWqJsDD529JKMdwGm/dvInW4HvQnRwiH9JtihJvzGOscDtHE3x1pBKeUOTysQ8kVmLnJ2kJu7yhcGA=="
    },
    "pino-abstract-transport@3.0.0": {
      "integrity": "sha512-wlfUczU+n7Hy/Ha5j9a/gZNy7We5+cXp8YL+X+PG8S0KXxw7n/JXA3c46Y0zQznIJ83URJiwy7Lh56WLokNuxg==",
      "dependencies": [
        "split2"
      ]
    },
    "pino-std-serializers@7.1.0": {
      "integrity": "sha512-BndPH67/JxGExRgiX1dX0w1FvZck5Wa4aal9198SrRhZjH3GxKQUKIBnYJTdj2HDN3UQAS06HlfcSbQj2OHmaw=="
    },
    "pino@10.3.1": {
      "integrity": "sha512-r34yH/GlQpKZbU1BvFFqOjhISRo1MNx1tWYsYvmj6KIRHSPMT2+yHOEb1SG6NMvRoHRF0a07kCOox/9yakl1vg==",
      "dependencies": [
        "@pinojs/redact",
        "atomic-sleep",
        "on-exit-leak-free",
        "pino-abstract-transport",
        "pino-std-serializers",
        "process-warning@5.1.0",
        "quick-format-unescaped",
        "real-require@0.2.0",
        "safe-stable-stringify",
        "sonic-boom",
        "thread-stream"
      ],
      "bin": true
    },
    "postcss@8.5.26": {
      "integrity": "sha512-u82N74LFzG8ca+dD8puPnplTXoGH4fTPpVGuIbt36G3qvNlkvfD0lEAZSxaly3KX8TS/L1A1gsCEmvKmBcVbkQ==",
      "dependencies": [
        "nanoid",
        "picocolors",
        "source-map-js"
      ]
    },
    "postgres-array@2.0.0": {
      "integrity": "sha512-VpZrUqU5A69eQyW2c5CA1jtLecCsN2U/bD6VilrFDWq5+5UIEVO7nazS3TEcHf1zuPYO/sqGvUvW62g86RXZuA=="
    },
    "postgres-bytea@1.0.1": {
      "integrity": "sha512-5+5HqXnsZPE65IJZSMkZtURARZelel2oXUEO8rH83VS/hxH5vv1uHquPg5wZs8yMAfdv971IU+kcPUczi7NVBQ=="
    },
    "postgres-date@1.0.7": {
      "integrity": "sha512-suDmjLVQg78nMK2UZ454hAG+OAW+HQPZ6n++TNDUX+L0+uUlLywnoxJKDou51Zm+zTCjrCl0Nq6J9C5hP9vK/Q=="
    },
    "postgres-interval@1.2.0": {
      "integrity": "sha512-9ZhXKM/rw350N1ovuWHbGxnGh/SNJ4cnxHiM0rxE4VN41wsg8P8zWn9hv/buK00RP4WvlOyr/RBDiptyxVbkZQ==",
      "dependencies": [
        "xtend"
      ]
    },
    "process-warning@4.0.1": {
      "integrity": "sha512-3c2LzQ3rY9d0hc1emcsHhfT9Jwz0cChib/QN89oME2R451w5fy3f0afAhERFZAwrbDU43wk12d0ORBpDVME50Q=="
    },
    "process-warning@5.1.0": {
      "integrity": "sha512-jQSaVHsPgtyw60e1rQ/A+/ArPEj/S8pS/vFnyGa/gYFXrKk/6RuDkoqVDQ5NI5MmS01698ltlAk0NoDBNLujRw=="
    },
    "quick-format-unescaped@4.0.4": {
      "integrity": "sha512-tYC1Q1hgyRuHgloV/YXs2w15unPVh8qfu/qCTfhTYamaw7fyhumKa2yGpdSo87vY32rIclj+4fWYQXUMs9EHvg=="
    },
    "react-dom@19.2.8_react@19.2.8": {
      "integrity": "sha512-rVprimfGBG3DR+Tq0IQG2DT5PxKth1WIGDmj5yPmlzr4YBe7uyE+Du4oVqTDXZSHGGGXRtTJEGSSePyQCMBglQ==",
      "dependencies": [
        "react",
        "scheduler"
      ]
    },
    "react-router-dom@7.18.3_react@19.2.8_react-dom@19.2.8__react@19.2.8": {
      "integrity": "sha512-ytVbyBBM7vMfRCam25r0WMhSVSom909A8p+8m0/f1w853dz/xfFu6etAT2SEbVoSnI+ZoPRDqIsQXVT89gp7kg==",
      "dependencies": [
        "react",
        "react-dom",
        "react-router"
      ]
    },
    "react-router@7.18.3_react@19.2.8_react-dom@19.2.8__react@19.2.8": {
      "integrity": "sha512-gyXgtdr5uACJ5b1Q4udzjVV+tb/rlHIMJKuJ0e89R4Kzgz47z/rgP0dIKxktqIEUhDHluGTPJJH/wRha7CyqsA==",
      "dependencies": [
        "cookie@1.1.1",
        "react",
        "react-dom",
        "set-cookie-parser"
      ],
      "optionalPeers": [
        "react-dom"
      ]
    },
    "react@19.2.8": {
      "integrity": "sha512-PWaYA1L/q9u2u7xYQi+Y3L3Yfnie7XyLeaJICV1MGD6LprsBxcAqGjYyr0eY3p+QdsA+x/Irkt4Qif8D63+Sbw=="
    },
    "real-require@0.2.0": {
      "integrity": "sha512-57frrGM/OCTLqLOAh0mhVA9VBMHd+9U7Zb2THMGdBUoZVOtGbJzjxsYGDJ3A9AYYCP4hn6y1TVbaOfzWtm5GFg=="
    },
    "real-require@1.0.0": {
      "integrity": "sha512-P4nbQYQfePJxRSmY+v/KINxVucm4NF3p3s7pJveMTtom52FR4YGltUQLB8idDXwDDWW+eYrWDFbuzUnjoWHF7g=="
    },
    "require-from-string@2.0.2": {
      "integrity": "sha512-Xf0nWe6RseziFMu+Ap9biiUbmplq6S9/p+7w7YXP/JBHhrUDDUhwa+vANyubuqfZWTveU//DYVGsDG7RKL/vEw=="
    },
    "ret@0.5.0": {
      "integrity": "sha512-I1XxrZSQ+oErkRR4jYbAyEEu2I0avBvvMM5JN+6EBprOGRCs63ENqZ3vjavq8fBw2+62G5LF5XelKwuJpcvcxw=="
    },
    "reusify@1.1.0": {
      "integrity": "sha512-g6QUff04oZpHs0eG5p83rFLhHeV00ug/Yf9nZM6fLeUrPguBTkTQOdpAWWspMh55TZfVQDPaN3NQJfbVRAxdIw=="
    },
    "rfdc@1.4.1": {
      "integrity": "sha512-q1b3N5QkRUWUl7iyylaaj3kOpIT0N2i9MqIEQXP73GVsN9cw3fdx8X63cEmWhJGi2PPCF23Ijp7ktmd39rawIA=="
    },
    "rolldown@1.2.6": {
      "integrity": "sha512-vMM4q3aixf46GiF1Kok8jDPFsEpXgFWGjUHXNkNHNm+Y2adXAG2dbX91jkti3i0ZRsOlcmbuzAz1poObSHCmUA==",
      "dependencies": [
        "@oxc-project/types",
        "@rolldown/pluginutils"
      ],
      "optionalDependencies": [
        "@rolldown/binding-android-arm-eabi",
        "@rolldown/binding-android-arm64",
        "@rolldown/binding-darwin-arm64",
        "@rolldown/binding-darwin-x64",
        "@rolldown/binding-freebsd-x64",
        "@rolldown/binding-linux-arm-gnueabihf",
        "@rolldown/binding-linux-arm64-gnu",
        "@rolldown/binding-linux-arm64-musl",
        "@rolldown/binding-linux-ppc64-gnu",
        "@rolldown/binding-linux-s390x-gnu",
        "@rolldown/binding-linux-x64-gnu",
        "@rolldown/binding-linux-x64-musl",
        "@rolldown/binding-openharmony-arm64",
        "@rolldown/binding-win32-arm64-msvc",
        "@rolldown/binding-win32-x64-msvc"
      ],
      "bin": true
    },
    "safe-regex2@5.1.1": {
      "integrity": "sha512-mOSBvHGDZMuIEZMdOz/aCEYDCv0E7nfcNsIhUF+/P+xC7Hyf3FkvymqgPbg9D1EdSGu+uKbJgy09K/RKKc7kJA==",
      "dependencies": [
        "ret"
      ],
      "bin": true
    },
    "safe-stable-stringify@2.5.0": {
      "integrity": "sha512-b3rppTKm9T+PsVCBEOUR46GWI7fdOs00VKZ1+9c1EWDaDMvjQc6tUwuFyIprgGgTcWoVHSKrU8H31ZHA2e0RHA=="
    },
    "scheduler@0.27.0": {
      "integrity": "sha512-eNv+WrVbKu1f3vbYJT/xtiF5syA5HPIMtf9IgY/nKg0sWqzAUEvqY/xm7OcZc/qafLx/iO9FgOmeSAp4v5ti/Q=="
    },
    "secure-json-parse@4.1.0": {
      "integrity": "sha512-l4KnYfEyqYJxDwlNVyRfO2E4NTHfMKAWdUuA8J0yve2Dz/E/PdBepY03RvyJpssIpRFwJoCD55wA+mEDs6ByWA=="
    },
    "semver@7.8.5": {
      "integrity": "sha512-Y7/KDsb8LjooZpwaqGyulO6DQlksgCncchHGk+sZIY4SBvUocMBEFH5Ur1fI4dV+Jvl0w6cjvucaIi40puRioA==",
      "bin": true
    },
    "set-cookie-parser@2.7.2": {
      "integrity": "sha512-oeM1lpU/UvhTxw+g3cIfxXHyJRc/uidd3yK1P242gzHds0udQBYzs3y8j4gCCW+ZJ7ad0yctld8RYO+bdurlvw=="
    },
    "setprototypeof@1.2.0": {
      "integrity": "sha512-E5LDX7Wrp85Kil5bhZv46j8jOeboKq5JMmYM3gVGdGH8xFpPWXUMsNrlODCrkoxMEeNi/XZIwuRvY4XNwYMJpw=="
    },
    "sonic-boom@4.2.1": {
      "integrity": "sha512-w6AxtubXa2wTXAUsZMMWERrsIRAdrK0Sc+FUytWvYAhBJLyuI4llrMIC1DtlNSdI99EI86KZum2MMq3EAZlF9Q==",
      "dependencies": [
        "atomic-sleep"
      ]
    },
    "source-map-js@1.2.1": {
      "integrity": "sha512-UXWMKhLOwVKb728IUtQPXxfYU+usdybtUrK/8uGE8CQMvrhOpwvzDBwj0QhSL7MQc7vIsISBG8VQ8+IDQxpfQA=="
    },
    "split2@4.2.0": {
      "integrity": "sha512-UcjcJOWknrNkF6PLX83qcHM6KHgVKNkV62Y8a5uYDVv9ydGQVwAHMKqHdJje1VTWpljG0WYpCDhrCdAOYH4TWg=="
    },
    "statuses@2.0.2": {
      "integrity": "sha512-DvEy55V3DB7uknRo+4iOGT5fP1slR8wQohVdknigZPMpMstaKJQWhwiYBACJE3Ul2pTnATihhBYnRhZQHGBiRw=="
    },
    "thread-stream@4.2.0": {
      "integrity": "sha512-e2zZ96wSChazBsbENf/Pcm/4swHt2cEKQ92rhUjkL9GCKiTDJIaTBenjE/m9DXi0QBmTMDkFDdOomUy20A1tDQ==",
      "dependencies": [
        "real-require@1.0.0"
      ]
    },
    "tinyglobby@0.2.17_picomatch@4.0.7": {
      "integrity": "sha512-wXR/dYpcqKmfWpEdZjiKJOwCNFndD0DMnrW/cYjVGttEkBfVgcLFHoNrlj47mjOVic9yyNu65alsgF4NQyTa2g==",
      "dependencies": [
        "fdir",
        "picomatch"
      ]
    },
    "toad-cache@3.7.4": {
      "integrity": "sha512-m1TdR/rvT7kgGJZhspNtXdsdYk0fddFpJJFlG5s+UkPFo6lkLoZ3YLOaovPYjq1R75NP5JfeTlSHaOsE09peCg=="
    },
    "toidentifier@1.0.1": {
      "integrity": "sha512-o5sSPKEkg/DIQNmH43V0/uerLrpzVedkUh8tGNvaeXpfpuwjKenlSox/2O/BTlZUtEe+JG7s5YhEz608PlAHRA=="
    },
    "vite@8.2.2": {
      "integrity": "sha512-cFKLV/PRgAUlIRm5WjMjJ86jrftzpqcgH+Us+DS8mI3CDNiH30Whrz8uHL3+MOLPAgqbMBAqWdAHAphOAM+z/Q==",
      "dependencies": [
        "lightningcss",
        "picomatch",
        "postcss",
        "rolldown",
        "tinyglobby"
      ],
      "optionalDependencies": [
        "fsevents"
      ],
      "bin": true
    },
    "xtend@4.0.2": {
      "integrity": "sha512-LKYU1iAXJXUgAXn9URjiu+MWhyUXHsvfp7mcuYm9dSUKK0/CjtrUwFAxD82/mCWbtLsGjFIad0wIsod4zrTAEQ=="
    }
  },
  "workspace": {
    "packageJson": {
      "dependencies": [
        "npm:@fastify/cookie@^11.1.2",
        "npm:@fastify/csrf-protection@^8.0.1",
        "npm:@fastify/helmet@^13.1.1",
        "npm:@fastify/rate-limit@^11.2.0",
        "npm:@fastify/session@^11.1.2",
        "npm:@fastify/static@^10.1.3",
        "npm:@node-rs/argon2@^2.2.0",
        "npm:@vitejs/plugin-react@^6.1.1",
        "npm:fastify@^5.12.1",
        "npm:nodemailer@^9.1.0",
        "npm:pg@^8.23.0",
        "npm:react-dom@^19.2.8",
        "npm:react-router-dom@^7.18.3",
        "npm:react@^19.2.8",
        "npm:vite@^8.2.2"
      ]
    }
  }
}
